
Microsoft Visual Studio Solution File, Format Version 12.00
# Visual Studio 15
VisualStudioVersion = 15.0.27703.2026
MinimumVisualStudioVersion = 10.0.40219.1
Project("{8BC9CEB8-8B4A-11D0-8D11-00A0C91BC942}") = "SpaceGambit", "SpaceGambit\SpaceGambit.vcxproj", "{B0DBAA08-0C60-4557-A8A9-6D2DDF7763E9}"
EndProject
Global
	GlobalSection(SolutionConfigurationPlatforms) = preSolution
		Debug|x64 = Debug|x64
		Debug|x86 = Debug|x86
		Release|x64 = Release|x64
		Release|x86 = Release|x86
	EndGlobalSection
	GlobalSection(ProjectConfigurationPlatforms) = postSolution
		{B0DBAA08-0C60-4557-A8A9-6D2DDF7763E9}.Debug|x64.ActiveCfg = Debug|x64
		{B0DBAA08-0C60-4557-A8A9-6D2DDF7763E9}.Debug|x64.Build.0 = Debug|x64
		{B0DBAA08-0C60-4557-A8A9-6D2DDF7763E9}.Debug|x86.ActiveCfg = Debug|Win32
		{B0DBAA08-0C60-4557-A8A9-6D2DDF7763E9}.Debug|x86.Build.0 = Debug|Win32
		{B0DBAA08-0C60-4557-A8A9-6D2DDF7763E9}.Release|x64.ActiveCfg = Release|x64
		{B0DBAA08-0C60-4557-A8A9-6D2DDF7763E9}.Release|x64.Build.0 = Release|x64
		{B0DBAA08-0C60-4557-A8A9-6D2DDF7763E9}.Release|x86.ActiveCfg = Release|Win32
		{B0DBAA08-0C60-4557-A8A9-6D2DDF7763E9}.Release|x86.Build.0 = Release|Win32
	EndGlobalSection
	GlobalSection(SolutionProperties) = preSolution
		HideSolutionNode = FALSE
	EndGlobalSection
	GlobalSection(ExtensibilityGlobals) = postSolution
		SolutionGuid = {CC93EFFA-3F60-46C2-94CC-60451C5A3DF0}
	EndGlobalSection
EndGlobal
